
Microsoft Visual Studio Solution File, Format Version 12.00
# Visual Studio Version 17
VisualStudioVersion = 17.0.32014.148
MinimumVisualStudioVersion = 10.0.40219.1
Project("{9A19103F-16F7-4668-BE54-9A1E7A4F7556}") = "MDT5WebAssembly", "MDT5WebAssembly.csproj", "{6543FEDD-5815-4D98-8216-EC8DFCBCD8CC}"
EndProject
Global
	GlobalSection(SolutionConfigurationPlatforms) = preSolution
		Debug|Any CPU = Debug|Any CPU
		Release|Any CPU = Release|Any CPU
	EndGlobalSection
	GlobalSection(ProjectConfigurationPlatforms) = postSolution
		{6543FEDD-5815-4D98-8216-EC8DFCBCD8CC}.Debug|Any CPU.ActiveCfg = Debug|Any CPU
		{6543FEDD-5815-4D98-8216-EC8DFCBCD8CC}.Debug|Any CPU.Build.0 = Debug|Any CPU
		{6543FEDD-5815-4D98-8216-EC8DFCBCD8CC}.Release|Any CPU.ActiveCfg = Release|Any CPU
		{6543FEDD-5815-4D98-8216-EC8DFCBCD8CC}.Release|Any CPU.Build.0 = Release|Any CPU
	EndGlobalSection
	GlobalSection(SolutionProperties) = preSolution
		HideSolutionNode = FALSE
	EndGlobalSection
	GlobalSection(ExtensibilityGlobals) = postSolution
		SolutionGuid = {E1DB8EA1-9298-46FD-A41B-D85DAEA17162}
	EndGlobalSection
EndGlobal
